
Microsoft Visual Studio Solution File, Format Version 12.00
# Visual Studio Version 17
VisualStudioVersion = 17.11.35222.181
MinimumVisualStudioVersion = 10.0.40219.1
Project("{FAE04EC0-301F-11D3-BF4B-00C04F79EFBC}") = "AppLogin", "AppLogin\AppLogin.csproj", "{98BBA989-749F-4B1B-8314-E5FB4EE96942}"
EndProject
Global
	GlobalSection(SolutionConfigurationPlatforms) = preSolution
		Debug|Any CPU = Debug|Any CPU
		Release|Any CPU = Release|Any CPU
	EndGlobalSection
	GlobalSection(ProjectConfigurationPlatforms) = postSolution
		{98BBA989-749F-4B1B-8314-E5FB4EE96942}.Debug|Any CPU.ActiveCfg = Debug|Any CPU
		{98BBA989-749F-4B1B-8314-E5FB4EE96942}.Debug|Any CPU.Build.0 = Debug|Any CPU
		{98BBA989-749F-4B1B-8314-E5FB4EE96942}.Release|Any CPU.ActiveCfg = Release|Any CPU
		{98BBA989-749F-4B1B-8314-E5FB4EE96942}.Release|Any CPU.Build.0 = Release|Any CPU
	EndGlobalSection
	GlobalSection(SolutionProperties) = preSolution
		HideSolutionNode = FALSE
	EndGlobalSection
	GlobalSection(ExtensibilityGlobals) = postSolution
		SolutionGuid = {0C7131BB-2665-4B17-B0BC-26DD3979CCC0}
	EndGlobalSection
EndGlobal
